
Microsoft Visual Studio Solution File, Format Version 12.00
# Visual Studio Version 17
VisualStudioVersion = 17.13.35825.156 d17.13
MinimumVisualStudioVersion = 10.0.40219.1
Project("{FAE04EC0-301F-11D3-BF4B-00C04F79EFBC}") = "car-rent", "car-rent.csproj", "{A55FC9E3-99DE-4A89-8FB6-70FF95F02E27}"
EndProject
Global
	GlobalSection(SolutionConfigurationPlatforms) = preSolution
		Debug|Any CPU = Debug|Any CPU
		Release|Any CPU = Release|Any CPU
	EndGlobalSection
	GlobalSection(ProjectConfigurationPlatforms) = postSolution
		{A55FC9E3-99DE-4A89-8FB6-70FF95F02E27}.Debug|Any CPU.ActiveCfg = Debug|Any CPU
		{A55FC9E3-99DE-4A89-8FB6-70FF95F02E27}.Debug|Any CPU.Build.0 = Debug|Any CPU
		{A55FC9E3-99DE-4A89-8FB6-70FF95F02E27}.Release|Any CPU.ActiveCfg = Release|Any CPU
		{A55FC9E3-99DE-4A89-8FB6-70FF95F02E27}.Release|Any CPU.Build.0 = Release|Any CPU
	EndGlobalSection
	GlobalSection(SolutionProperties) = preSolution
		HideSolutionNode = FALSE
	EndGlobalSection
	GlobalSection(ExtensibilityGlobals) = postSolution
		SolutionGuid = {EB8050FB-E844-47FE-8B61-76447AE0EFC0}
	EndGlobalSection
EndGlobal
